
Microsoft Visual Studio Solution File, Format Version 12.00
# Visual Studio Version 17
VisualStudioVersion = 17.8.34525.116
MinimumVisualStudioVersion = 10.0.40219.1
Project("{FAE04EC0-301F-11D3-BF4B-00C04F79EFBC}") = "Hospital Management", "Hospital Management\Hospital Management.csproj", "{E170F3D7-0D57-404F-B57E-A8DA05320A98}"
EndProject
Global
	GlobalSection(SolutionConfigurationPlatforms) = preSolution
		Debug|Any CPU = Debug|Any CPU
		Release|Any CPU = Release|Any CPU
	EndGlobalSection
	GlobalSection(ProjectConfigurationPlatforms) = postSolution
		{E170F3D7-0D57-404F-B57E-A8DA05320A98}.Debug|Any CPU.ActiveCfg = Debug|Any CPU
		{E170F3D7-0D57-404F-B57E-A8DA05320A98}.Debug|Any CPU.Build.0 = Debug|Any CPU
		{E170F3D7-0D57-404F-B57E-A8DA05320A98}.Release|Any CPU.ActiveCfg = Release|Any CPU
		{E170F3D7-0D57-404F-B57E-A8DA05320A98}.Release|Any CPU.Build.0 = Release|Any CPU
	EndGlobalSection
	GlobalSection(SolutionProperties) = preSolution
		HideSolutionNode = FALSE
	EndGlobalSection
	GlobalSection(ExtensibilityGlobals) = postSolution
		SolutionGuid = {67CB8B2A-643A-45E4-BCEE-D93E42B4EE8C}
	EndGlobalSection
EndGlobal
